
Microsoft Visual Studio Solution File, Format Version 12.00
# Visual Studio Version 17
VisualStudioVersion = 17.5.002.0
MinimumVisualStudioVersion = 10.0.40219.1
Project("{9A19103F-16F7-4668-BE54-9A1E7A4F7556}") = "VideoHome", "VideoHome.csproj", "{B988A45E-D43C-4372-9BFF-F6D6DFAF9EEB}"
EndProject
Global
	GlobalSection(SolutionConfigurationPlatforms) = preSolution
		Debug|Any CPU = Debug|Any CPU
		Release|Any CPU = Release|Any CPU
	EndGlobalSection
	GlobalSection(ProjectConfigurationPlatforms) = postSolution
		{B988A45E-D43C-4372-9BFF-F6D6DFAF9EEB}.Debug|Any CPU.ActiveCfg = Debug|Any CPU
		{B988A45E-D43C-4372-9BFF-F6D6DFAF9EEB}.Debug|Any CPU.Build.0 = Debug|Any CPU
		{B988A45E-D43C-4372-9BFF-F6D6DFAF9EEB}.Release|Any CPU.ActiveCfg = Release|Any CPU
		{B988A45E-D43C-4372-9BFF-F6D6DFAF9EEB}.Release|Any CPU.Build.0 = Release|Any CPU
	EndGlobalSection
	GlobalSection(SolutionProperties) = preSolution
		HideSolutionNode = FALSE
	EndGlobalSection
	GlobalSection(ExtensibilityGlobals) = postSolution
		SolutionGuid = {39F7AFB0-38E7-49DE-9E0E-FBCDF054BB55}
	EndGlobalSection
EndGlobal
